
Microsoft Visual Studio Solution File, Format Version 12.00
# Visual Studio Version 17
VisualStudioVersion = 17.4.33122.133
MinimumVisualStudioVersion = 10.0.40219.1
Project("{FAE04EC0-301F-11D3-BF4B-00C04F79EFBC}") = "ContactManager", "ContactManager\ContactManager.csproj", "{0448F02D-573D-4104-8D13-4149AC6B9543}"
EndProject
Global
	GlobalSection(SolutionConfigurationPlatforms) = preSolution
		Debug|Any CPU = Debug|Any CPU
		Release|Any CPU = Release|Any CPU
	EndGlobalSection
	GlobalSection(ProjectConfigurationPlatforms) = postSolution
		{0448F02D-573D-4104-8D13-4149AC6B9543}.Debug|Any CPU.ActiveCfg = Debug|Any CPU
		{0448F02D-573D-4104-8D13-4149AC6B9543}.Debug|Any CPU.Build.0 = Debug|Any CPU
		{0448F02D-573D-4104-8D13-4149AC6B9543}.Release|Any CPU.ActiveCfg = Release|Any CPU
		{0448F02D-573D-4104-8D13-4149AC6B9543}.Release|Any CPU.Build.0 = Release|Any CPU
	EndGlobalSection
	GlobalSection(SolutionProperties) = preSolution
		HideSolutionNode = FALSE
	EndGlobalSection
	GlobalSection(ExtensibilityGlobals) = postSolution
		SolutionGuid = {6C6AC488-6A75-41F2-BE73-CF80D5C95B01}
	EndGlobalSection
EndGlobal
